
Microsoft Visual Studio Solution File, Format Version 12.00
# Visual Studio Version 17
VisualStudioVersion = 17.1.31911.260
MinimumVisualStudioVersion = 10.0.40219.1
Project("{8BC9CEB8-8B4A-11D0-8D11-00A0C91BC942}") = "CSGO_SneakyKitty", "CSGO_SneakyKitty\CSGO_SneakyKitty.vcxproj", "{B625BDD3-0808-4FA8-BF07-E76EFFC33F94}"
EndProject
Global
	GlobalSection(SolutionConfigurationPlatforms) = preSolution
		Debug|x64 = Debug|x64
		Debug|x86 = Debug|x86
		Release|x64 = Release|x64
		Release|x86 = Release|x86
	EndGlobalSection
	GlobalSection(ProjectConfigurationPlatforms) = postSolution
		{B625BDD3-0808-4FA8-BF07-E76EFFC33F94}.Debug|x64.ActiveCfg = Debug|x64
		{B625BDD3-0808-4FA8-BF07-E76EFFC33F94}.Debug|x64.Build.0 = Debug|x64
		{B625BDD3-0808-4FA8-BF07-E76EFFC33F94}.Debug|x86.ActiveCfg = Debug|Win32
		{B625BDD3-0808-4FA8-BF07-E76EFFC33F94}.Debug|x86.Build.0 = Debug|Win32
		{B625BDD3-0808-4FA8-BF07-E76EFFC33F94}.Release|x64.ActiveCfg = Release|x64
		{B625BDD3-0808-4FA8-BF07-E76EFFC33F94}.Release|x64.Build.0 = Release|x64
		{B625BDD3-0808-4FA8-BF07-E76EFFC33F94}.Release|x86.ActiveCfg = Release|Win32
		{B625BDD3-0808-4FA8-BF07-E76EFFC33F94}.Release|x86.Build.0 = Release|Win32
	EndGlobalSection
	GlobalSection(SolutionProperties) = preSolution
		HideSolutionNode = FALSE
	EndGlobalSection
	GlobalSection(ExtensibilityGlobals) = postSolution
		SolutionGuid = {886F7FC5-4164-4449-9026-73803D5C5C1F}
	EndGlobalSection
EndGlobal
