<?xml version="1.0" encoding="utf-8"?>
<Project ToolsVersion="4.0" xmlns="http://schemas.microsoft.com/developer/msbuild/2003">
  <ItemGroup>
    <Filter Include="Resources">
      <UniqueIdentifier>{f7cb96ef-1852-4f53-b98f-f87833974643}</UniqueIdentifier>
    </Filter>
    <Filter Include="Features">
      <UniqueIdentifier>{d4cc911b-c792-4792-95cd-dfc0f9445550}</UniqueIdentifier>
    </Filter>
    <Filter Include="Structures">
      <UniqueIdentifier>{0a7b6353-b20f-4d19-9ce7-fa3ec07212ef}</UniqueIdentifier>
    </Filter>
    <Filter Include="Resources\offsets">
      <UniqueIdentifier>{87013fa5-99f7-4470-8e43-b496b800bbad}</UniqueIdentifier>
    </Filter>
    <Filter Include="Structures\Angle">
      <UniqueIdentifier>{5260d32a-e93e-42c7-a4d5-f58574afcf08}</UniqueIdentifier>
    </Filter>
    <Filter Include="Structures\Position">
      <UniqueIdentifier>{d16da958-aa2e-4937-afbb-ea6e7addbad1}</UniqueIdentifier>
    </Filter>
    <Filter Include="Structures\Vector3">
      <UniqueIdentifier>{cac250b2-721f-46fe-b27b-b0336879ba61}</UniqueIdentifier>
    </Filter>
    <Filter Include="Structures\BoneMatrix">
      <UniqueIdentifier>{314210ee-21e8-4352-8a1e-4ca613bd4af6}</UniqueIdentifier>
    </Filter>
    <Filter Include="Structures\Cham">
      <UniqueIdentifier>{a18f7272-3b6b-48f0-8dd3-7cb293991a11}</UniqueIdentifier>
    </Filter>
    <Filter Include="Structures\GlobalVar">
      <UniqueIdentifier>{02bac0ac-540a-43ba-bd5a-bbecaad6a944}</UniqueIdentifier>
    </Filter>
    <Filter Include="Structures\Glow">
      <UniqueIdentifier>{445f979d-8fcf-436f-98db-dfb9c1c403fa}</UniqueIdentifier>
    </Filter>
    <Filter Include="Structures\Input">
      <UniqueIdentifier>{7e805fb7-5d33-4c4e-a419-e75b212daae8}</UniqueIdentifier>
    </Filter>
    <Filter Include="Resources\weapon">
      <UniqueIdentifier>{2b20fe2b-176c-4456-b1f0-750f7c788251}</UniqueIdentifier>
    </Filter>
    <Filter Include="Resources\client">
      <UniqueIdentifier>{4ba2d8ed-732d-4f2c-a1e7-a8c070ec791b}</UniqueIdentifier>
    </Filter>
    <Filter Include="Resources\module">
      <UniqueIdentifier>{21838e33-a92a-4fd8-8d13-77e194880e78}</UniqueIdentifier>
    </Filter>
    <Filter Include="Resources\memory">
      <UniqueIdentifier>{95c83b27-b0f3-45b3-8575-b17f9f5909ca}</UniqueIdentifier>
    </Filter>
    <Filter Include="Features\UpdateClientInfo">
      <UniqueIdentifier>{ed60bbbc-7e63-4c5b-883f-5bb9fa11bfeb}</UniqueIdentifier>
    </Filter>
    <Filter Include="Resources\game">
      <UniqueIdentifier>{afd72625-f890-4016-a63b-2be2fc532c42}</UniqueIdentifier>
    </Filter>
    <Filter Include="Features\UpdateBoneMatrixInfo">
      <UniqueIdentifier>{0cbd1b26-f361-409d-823e-d94ab1983b88}</UniqueIdentifier>
    </Filter>
    <Filter Include="Features\UpdateWeaponInfo">
      <UniqueIdentifier>{a9cd9870-3a82-4d35-8df5-e1dafe559f7b}</UniqueIdentifier>
    </Filter>
    <Filter Include="Structures\EntityAddress">
      <UniqueIdentifier>{80a11768-b693-4673-b326-284ae19d0840}</UniqueIdentifier>
    </Filter>
    <Filter Include="Structures\Entity">
      <UniqueIdentifier>{f4089812-6fec-49ab-a0c6-bda7295576d2}</UniqueIdentifier>
    </Filter>
    <Filter Include="Features\UpdateEntityInfo">
      <UniqueIdentifier>{015c8163-0ffc-45e1-bbb5-28385c2e739d}</UniqueIdentifier>
    </Filter>
    <Filter Include="Features\RemoveFlash">
      <UniqueIdentifier>{b5a5acb2-2225-443e-880b-0f81a4f30bc0}</UniqueIdentifier>
    </Filter>
    <Filter Include="Features\Bhop">
      <UniqueIdentifier>{6535d8a9-c8ad-458c-9cef-5e65b9b5feeb}</UniqueIdentifier>
    </Filter>
    <Filter Include="Features\Fakelag">
      <UniqueIdentifier>{ef7c239f-0b58-439e-b109-ce938f7af9e0}</UniqueIdentifier>
    </Filter>
    <Filter Include="Features\GlowESP">
      <UniqueIdentifier>{241d6ab1-d115-4a2c-8e8c-a8dc7042ec9b}</UniqueIdentifier>
    </Filter>
    <Filter Include="Features\RadarESP">
      <UniqueIdentifier>{f81d7932-e186-4a88-bd6e-65b0ce198d8e}</UniqueIdentifier>
    </Filter>
    <Filter Include="Features\Thirdperson">
      <UniqueIdentifier>{98bd11a0-8d26-4423-8475-012c5749c400}</UniqueIdentifier>
    </Filter>
    <Filter Include="Features\Desync">
      <UniqueIdentifier>{2f08219f-dd20-4140-97fe-21c7921c9a77}</UniqueIdentifier>
    </Filter>
    <Filter Include="Features\Aimbot">
      <UniqueIdentifier>{7f714fb5-72f6-4f1f-a7a9-cb14c87151e6}</UniqueIdentifier>
    </Filter>
    <Filter Include="Features\Backtrack">
      <UniqueIdentifier>{5a54df5f-599f-4016-8be0-b7c0f5af655b}</UniqueIdentifier>
    </Filter>
    <Filter Include="Features\UpdateInputInfo">
      <UniqueIdentifier>{d79b320e-84c2-4272-9bbb-c34eac7dbf8e}</UniqueIdentifier>
    </Filter>
    <Filter Include="user_interface">
      <UniqueIdentifier>{0ecdb0f0-5a1d-4fa3-8991-d0e29ca6691a}</UniqueIdentifier>
    </Filter>
    <Filter Include="Structures\BackTrackCandidate">
      <UniqueIdentifier>{f1589bc1-6818-4aa0-bd71-a3e71256cdd2}</UniqueIdentifier>
    </Filter>
    <Filter Include="Features\BombTimer">
      <UniqueIdentifier>{71c65275-edea-452f-a1e8-2b870aaf41a3}</UniqueIdentifier>
    </Filter>
    <Filter Include="Features\Ragebot">
      <UniqueIdentifier>{684f5e1e-7659-47d7-847a-c05c270f11b6}</UniqueIdentifier>
    </Filter>
  </ItemGroup>
  <ItemGroup>
    <ClCompile Include="module.cpp">
      <Filter>Resources\module</Filter>
    </ClCompile>
    <ClCompile Include="client.cpp">
      <Filter>Resources\client</Filter>
    </ClCompile>
    <ClCompile Include="offsets.cpp">
      <Filter>Resources\offsets</Filter>
    </ClCompile>
    <ClCompile Include="Angle.cpp">
      <Filter>Structures\Angle</Filter>
    </ClCompile>
    <ClCompile Include="Vector3.cpp">
      <Filter>Structures\Vector3</Filter>
    </ClCompile>
    <ClCompile Include="Position.cpp">
      <Filter>Structures\Position</Filter>
    </ClCompile>
    <ClCompile Include="BoneMatrix.cpp">
      <Filter>Structures\BoneMatrix</Filter>
    </ClCompile>
    <ClCompile Include="Cham.cpp">
      <Filter>Structures\Cham</Filter>
    </ClCompile>
    <ClCompile Include="GlobalVar.cpp">
      <Filter>Structures\GlobalVar</Filter>
    </ClCompile>
    <ClCompile Include="Glow.cpp">
      <Filter>Structures\Glow</Filter>
    </ClCompile>
    <ClCompile Include="Input.cpp">
      <Filter>Structures\Input</Filter>
    </ClCompile>
    <ClCompile Include="Entity.cpp">
      <Filter>Structures\Entity</Filter>
    </ClCompile>
    <ClCompile Include="EntityAddress.cpp">
      <Filter>Structures\EntityAddress</Filter>
    </ClCompile>
    <ClCompile Include="main.cpp" />
    <ClCompile Include="weapon.cpp">
      <Filter>Resources\weapon</Filter>
    </ClCompile>
    <ClCompile Include="memory.cpp">
      <Filter>Resources\memory</Filter>
    </ClCompile>
    <ClCompile Include="game.cpp">
      <Filter>Resources\game</Filter>
    </ClCompile>
    <ClCompile Include="UpdateClientInfo.cpp">
      <Filter>Features\UpdateClientInfo</Filter>
    </ClCompile>
    <ClCompile Include="UpdateEntityInfo.cpp">
      <Filter>Features\UpdateEntityInfo</Filter>
    </ClCompile>
    <ClCompile Include="UpdateBoneMatrixInfo.cpp">
      <Filter>Features\UpdateBoneMatrixInfo</Filter>
    </ClCompile>
    <ClCompile Include="UpdateWeaponInfo.cpp">
      <Filter>Features\UpdateWeaponInfo</Filter>
    </ClCompile>
    <ClCompile Include="RemoveFlash.cpp">
      <Filter>Features\RemoveFlash</Filter>
    </ClCompile>
    <ClCompile Include="Bhop.cpp">
      <Filter>Features\Bhop</Filter>
    </ClCompile>
    <ClCompile Include="Fakelag.cpp">
      <Filter>Features\Fakelag</Filter>
    </ClCompile>
    <ClCompile Include="GlowESP.cpp">
      <Filter>Features\GlowESP</Filter>
    </ClCompile>
    <ClCompile Include="RadarESP.cpp">
      <Filter>Features\RadarESP</Filter>
    </ClCompile>
    <ClCompile Include="Thirdperson.cpp">
      <Filter>Features\Thirdperson</Filter>
    </ClCompile>
    <ClCompile Include="Desync.cpp">
      <Filter>Features\Desync</Filter>
    </ClCompile>
    <ClCompile Include="Aimbot.cpp">
      <Filter>Features\Aimbot</Filter>
    </ClCompile>
    <ClCompile Include="Backtrack.cpp">
      <Filter>Features\Backtrack</Filter>
    </ClCompile>
    <ClCompile Include="UpdateInputInfo.cpp">
      <Filter>Features\UpdateInputInfo</Filter>
    </ClCompile>
    <ClCompile Include="user_interface.cpp">
      <Filter>user_interface</Filter>
    </ClCompile>
    <ClCompile Include="BacktrackCandidate.cpp">
      <Filter>Structures\BackTrackCandidate</Filter>
    </ClCompile>
    <ClCompile Include="BombTimer.cpp">
      <Filter>Features\BombTimer</Filter>
    </ClCompile>
    <ClCompile Include="Ragebot.cpp">
      <Filter>Features\Ragebot</Filter>
    </ClCompile>
  </ItemGroup>
  <ItemGroup>
    <ClInclude Include="module.h">
      <Filter>Resources\module</Filter>
    </ClInclude>
    <ClInclude Include="client.h">
      <Filter>Resources\client</Filter>
    </ClInclude>
    <ClInclude Include="offsets.h">
      <Filter>Resources\offsets</Filter>
    </ClInclude>
    <ClInclude Include="Angle.h">
      <Filter>Structures\Angle</Filter>
    </ClInclude>
    <ClInclude Include="Vector3.h">
      <Filter>Structures\Vector3</Filter>
    </ClInclude>
    <ClInclude Include="Position.h">
      <Filter>Structures\Position</Filter>
    </ClInclude>
    <ClInclude Include="BoneMatrix.h">
      <Filter>Structures\BoneMatrix</Filter>
    </ClInclude>
    <ClInclude Include="Cham.h">
      <Filter>Structures\Cham</Filter>
    </ClInclude>
    <ClInclude Include="GlobalVar.h">
      <Filter>Structures\GlobalVar</Filter>
    </ClInclude>
    <ClInclude Include="Glow.h">
      <Filter>Structures\Glow</Filter>
    </ClInclude>
    <ClInclude Include="Input.h">
      <Filter>Structures\Input</Filter>
    </ClInclude>
    <ClInclude Include="Entity.h">
      <Filter>Structures\Entity</Filter>
    </ClInclude>
    <ClInclude Include="EntityAddress.h">
      <Filter>Structures\EntityAddress</Filter>
    </ClInclude>
    <ClInclude Include="weapon.h">
      <Filter>Resources\weapon</Filter>
    </ClInclude>
    <ClInclude Include="memory.h">
      <Filter>Resources\memory</Filter>
    </ClInclude>
    <ClInclude Include="game.h">
      <Filter>Resources\game</Filter>
    </ClInclude>
    <ClInclude Include="UpdateClientInfo.h">
      <Filter>Features\UpdateClientInfo</Filter>
    </ClInclude>
    <ClInclude Include="UpdateEntityInfo.h">
      <Filter>Features\UpdateEntityInfo</Filter>
    </ClInclude>
    <ClInclude Include="UpdateBoneMatrixInfo.h">
      <Filter>Features\UpdateBoneMatrixInfo</Filter>
    </ClInclude>
    <ClInclude Include="UpdateWeaponInfo.h">
      <Filter>Features\UpdateWeaponInfo</Filter>
    </ClInclude>
    <ClInclude Include="RemoveFlash.h">
      <Filter>Features\RemoveFlash</Filter>
    </ClInclude>
    <ClInclude Include="Bhop.h">
      <Filter>Features\Bhop</Filter>
    </ClInclude>
    <ClInclude Include="Fakelag.h">
      <Filter>Features\Fakelag</Filter>
    </ClInclude>
    <ClInclude Include="GlowESP.h">
      <Filter>Features\GlowESP</Filter>
    </ClInclude>
    <ClInclude Include="RadarESP.h">
      <Filter>Features\RadarESP</Filter>
    </ClInclude>
    <ClInclude Include="Thirdperson.h">
      <Filter>Features\Thirdperson</Filter>
    </ClInclude>
    <ClInclude Include="Desync.h">
      <Filter>Features\Desync</Filter>
    </ClInclude>
    <ClInclude Include="Aimbot.h">
      <Filter>Features\Aimbot</Filter>
    </ClInclude>
    <ClInclude Include="Backtrack.h">
      <Filter>Features\Backtrack</Filter>
    </ClInclude>
    <ClInclude Include="UpdateInputInfo.h">
      <Filter>Features\UpdateInputInfo</Filter>
    </ClInclude>
    <ClInclude Include="user_interface.h">
      <Filter>user_interface</Filter>
    </ClInclude>
    <ClInclude Include="BacktrackCandidate.h">
      <Filter>Structures\BackTrackCandidate</Filter>
    </ClInclude>
    <ClInclude Include="BombTimer.h">
      <Filter>Features\BombTimer</Filter>
    </ClInclude>
    <ClInclude Include="Ragebot.h">
      <Filter>Features\Ragebot</Filter>
    </ClInclude>
  </ItemGroup>
</Project>